
Microsoft Visual Studio Solution File, Format Version 12.00
# Visual Studio Version 17
VisualStudioVersion = 17.14.36202.13 d17.14
MinimumVisualStudioVersion = 10.0.40219.1
Project("{FAE04EC0-301F-11D3-BF4B-00C04F79EFBC}") = "MenuTiendaElectronica", "MenuTiendaElectronica.csproj", "{2233CC25-DCC8-476C-B5B0-FC7A00B47DDF}"
EndProject
Global
	GlobalSection(SolutionConfigurationPlatforms) = preSolution
		Debug|Any CPU = Debug|Any CPU
		Release|Any CPU = Release|Any CPU
	EndGlobalSection
	GlobalSection(ProjectConfigurationPlatforms) = postSolution
		{2233CC25-DCC8-476C-B5B0-FC7A00B47DDF}.Debug|Any CPU.ActiveCfg = Debug|Any CPU
		{2233CC25-DCC8-476C-B5B0-FC7A00B47DDF}.Debug|Any CPU.Build.0 = Debug|Any CPU
		{2233CC25-DCC8-476C-B5B0-FC7A00B47DDF}.Release|Any CPU.ActiveCfg = Release|Any CPU
		{2233CC25-DCC8-476C-B5B0-FC7A00B47DDF}.Release|Any CPU.Build.0 = Release|Any CPU
	EndGlobalSection
	GlobalSection(SolutionProperties) = preSolution
		HideSolutionNode = FALSE
	EndGlobalSection
	GlobalSection(ExtensibilityGlobals) = postSolution
		SolutionGuid = {561C8365-34F7-4DA7-BD02-64C2A602D5A3}
	EndGlobalSection
EndGlobal
